{
  "name": "check_cal",
  "version": "1.0.0",
  "lockfileVersion": 3,
  "requires": true,
  "packages": {
    "": {
      "name": "check_cal",
      "version": "1.0.0",
      "license": "ISC",
      "dependencies": {
        "simplecalz245": "^1.0.0"
      }
    },
    "node_modules/simplecalz245": {
      "version": "1.0.0",
      "resolved": "https://registry.npmjs.org/simplecalz245/-/simplecalz245-1.0.0.tgz",
      "integrity": "sha512-QapRdRZ+iNB/X23b7K+S/cvkWkxljCWoorRiQsxPk6RSd9qm3ubgKuYBJNQCpUWffmBbsAXgwsBFZevro6QOCQ=="
    }
  }
}
